
Microsoft Visual Studio Solution File, Format Version 12.00
# Visual Studio Version 17
VisualStudioVersion = 17.6.33723.286
MinimumVisualStudioVersion = 10.0.40219.1
Project("{9A19103F-16F7-4668-BE54-9A1E7A4F7556}") = "test", "test\test.csproj", "{2B87F449-7E60-481E-BD92-E96108F1A499}"
EndProject
Project("{FAE04EC0-301F-11D3-BF4B-00C04F79EFBC}") = "Ocelot.ApiGateway", "Ocelot.ApiGateway\Ocelot.ApiGateway.csproj", "{06C99144-F1DD-420B-8A26-2F2FDEDD80DF}"
EndProject
Project("{2150E333-8FDC-42A3-9474-1A3956D46DE8}") = "Demo.APIGateway", "Demo.APIGateway", "{F9C88EF7-69AB-4D31-9085-02B29DFFD1CD}"
EndProject
Project("{2150E333-8FDC-42A3-9474-1A3956D46DE8}") = "Demo.Common", "Demo.Common", "{61DDDF25-DAE3-440F-8F6F-F24C57B6A108}"
EndProject
Project("{FAE04EC0-301F-11D3-BF4B-00C04F79EFBC}") = "Logging", "Common\Logging\Logging.csproj", "{6025AEEC-36F4-4E53-9352-C2B41C78CD43}"
EndProject
Project("{FAE04EC0-301F-11D3-BF4B-00C04F79EFBC}") = "Utils", "Common\Utils\Utils.csproj", "{5FDD8164-6871-4E80-BBD5-96536C5AF569}"
EndProject
Project("{FAE04EC0-301F-11D3-BF4B-00C04F79EFBC}") = "DBBase", "Common\DBBase\DBBase.csproj", "{EC58909F-8CFC-4FDA-987A-CE60E9775EAA}"
EndProject
Project("{2150E333-8FDC-42A3-9474-1A3956D46DE8}") = "Demo.Workflow", "Demo.Workflow", "{6659975F-267D-4A17-9282-93DA4D1B3E1F}"
EndProject
Project("{FAE04EC0-301F-11D3-BF4B-00C04F79EFBC}") = "MessageQueue", "MessageQueue\MessageQueue.csproj", "{EC63DA91-FC1D-44B8-8C88-77FAD5A8F3C2}"
EndProject
Project("{FAE04EC0-301F-11D3-BF4B-00C04F79EFBC}") = "Portal", "Portal\Portal.csproj", "{EA1B546A-2630-412F-B16A-BA8CFAA3667A}"
EndProject
Project("{2150E333-8FDC-42A3-9474-1A3956D46DE8}") = "Demo.Services", "Demo.Services", "{DA97A216-2053-4222-86EE-0723DC7EA5E4}"
EndProject
Project("{FAE04EC0-301F-11D3-BF4B-00C04F79EFBC}") = "AuthenService", "AuthenService\AuthenService.csproj", "{56A5B15E-FBF2-4EEF-B577-DD96BCDEF629}"
EndProject
Project("{FAE04EC0-301F-11D3-BF4B-00C04F79EFBC}") = "UserService", "UserService\UserService.csproj", "{5D5137DD-A982-4152-8892-4843D95BDD1C}"
EndProject
Project("{FAE04EC0-301F-11D3-BF4B-00C04F79EFBC}") = "Util.Auth", "Util.Auth\Util.Auth.csproj", "{BFF4DC27-05B3-42F7-BA72-ED3FE1ABF3C9}"
EndProject
Project("{FAE04EC0-301F-11D3-BF4B-00C04F79EFBC}") = "LogService", "LogService\LogService.csproj", "{D7DCA1A3-1CDC-4176-A3E1-710AE902B3CE}"
EndProject
Project("{FAE04EC0-301F-11D3-BF4B-00C04F79EFBC}") = "UserService.Entity.Api", "UserService.Entity.Api\UserService.Entity.Api.csproj", "{28A6EE60-BC63-4D6F-93F3-63087729AC0E}"
EndProject
Project("{FAE04EC0-301F-11D3-BF4B-00C04F79EFBC}") = "CompanyService.Entity.Api", "CompanyService.Entity.Api\CompanyService.Entity.Api.csproj", "{835E07BF-B906-458C-AB42-6B25FAC691E5}"
EndProject
Global
	GlobalSection(SolutionConfigurationPlatforms) = preSolution
		Debug|Any CPU = Debug|Any CPU
		Release|Any CPU = Release|Any CPU
	EndGlobalSection
	GlobalSection(ProjectConfigurationPlatforms) = postSolution
		{2B87F449-7E60-481E-BD92-E96108F1A499}.Debug|Any CPU.ActiveCfg = Debug|Any CPU
		{2B87F449-7E60-481E-BD92-E96108F1A499}.Debug|Any CPU.Build.0 = Debug|Any CPU
		{2B87F449-7E60-481E-BD92-E96108F1A499}.Release|Any CPU.ActiveCfg = Release|Any CPU
		{2B87F449-7E60-481E-BD92-E96108F1A499}.Release|Any CPU.Build.0 = Release|Any CPU
		{06C99144-F1DD-420B-8A26-2F2FDEDD80DF}.Debug|Any CPU.ActiveCfg = Debug|Any CPU
		{06C99144-F1DD-420B-8A26-2F2FDEDD80DF}.Debug|Any CPU.Build.0 = Debug|Any CPU
		{06C99144-F1DD-420B-8A26-2F2FDEDD80DF}.Release|Any CPU.ActiveCfg = Release|Any CPU
		{06C99144-F1DD-420B-8A26-2F2FDEDD80DF}.Release|Any CPU.Build.0 = Release|Any CPU
		{6025AEEC-36F4-4E53-9352-C2B41C78CD43}.Debug|Any CPU.ActiveCfg = Debug|Any CPU
		{6025AEEC-36F4-4E53-9352-C2B41C78CD43}.Debug|Any CPU.Build.0 = Debug|Any CPU
		{6025AEEC-36F4-4E53-9352-C2B41C78CD43}.Release|Any CPU.ActiveCfg = Release|Any CPU
		{6025AEEC-36F4-4E53-9352-C2B41C78CD43}.Release|Any CPU.Build.0 = Release|Any CPU
		{5FDD8164-6871-4E80-BBD5-96536C5AF569}.Debug|Any CPU.ActiveCfg = Debug|Any CPU
		{5FDD8164-6871-4E80-BBD5-96536C5AF569}.Debug|Any CPU.Build.0 = Debug|Any CPU
		{5FDD8164-6871-4E80-BBD5-96536C5AF569}.Release|Any CPU.ActiveCfg = Release|Any CPU
		{5FDD8164-6871-4E80-BBD5-96536C5AF569}.Release|Any CPU.Build.0 = Release|Any CPU
		{EC58909F-8CFC-4FDA-987A-CE60E9775EAA}.Debug|Any CPU.ActiveCfg = Debug|Any CPU
		{EC58909F-8CFC-4FDA-987A-CE60E9775EAA}.Debug|Any CPU.Build.0 = Debug|Any CPU
		{EC58909F-8CFC-4FDA-987A-CE60E9775EAA}.Release|Any CPU.ActiveCfg = Release|Any CPU
		{EC58909F-8CFC-4FDA-987A-CE60E9775EAA}.Release|Any CPU.Build.0 = Release|Any CPU
		{EC63DA91-FC1D-44B8-8C88-77FAD5A8F3C2}.Debug|Any CPU.ActiveCfg = Debug|Any CPU
		{EC63DA91-FC1D-44B8-8C88-77FAD5A8F3C2}.Debug|Any CPU.Build.0 = Debug|Any CPU
		{EC63DA91-FC1D-44B8-8C88-77FAD5A8F3C2}.Release|Any CPU.ActiveCfg = Release|Any CPU
		{EC63DA91-FC1D-44B8-8C88-77FAD5A8F3C2}.Release|Any CPU.Build.0 = Release|Any CPU
		{EA1B546A-2630-412F-B16A-BA8CFAA3667A}.Debug|Any CPU.ActiveCfg = Debug|Any CPU
		{EA1B546A-2630-412F-B16A-BA8CFAA3667A}.Debug|Any CPU.Build.0 = Debug|Any CPU
		{EA1B546A-2630-412F-B16A-BA8CFAA3667A}.Release|Any CPU.ActiveCfg = Release|Any CPU
		{EA1B546A-2630-412F-B16A-BA8CFAA3667A}.Release|Any CPU.Build.0 = Release|Any CPU
		{56A5B15E-FBF2-4EEF-B577-DD96BCDEF629}.Debug|Any CPU.ActiveCfg = Debug|Any CPU
		{56A5B15E-FBF2-4EEF-B577-DD96BCDEF629}.Debug|Any CPU.Build.0 = Debug|Any CPU
		{56A5B15E-FBF2-4EEF-B577-DD96BCDEF629}.Release|Any CPU.ActiveCfg = Release|Any CPU
		{56A5B15E-FBF2-4EEF-B577-DD96BCDEF629}.Release|Any CPU.Build.0 = Release|Any CPU
		{5D5137DD-A982-4152-8892-4843D95BDD1C}.Debug|Any CPU.ActiveCfg = Debug|Any CPU
		{5D5137DD-A982-4152-8892-4843D95BDD1C}.Debug|Any CPU.Build.0 = Debug|Any CPU
		{5D5137DD-A982-4152-8892-4843D95BDD1C}.Release|Any CPU.ActiveCfg = Release|Any CPU
		{5D5137DD-A982-4152-8892-4843D95BDD1C}.Release|Any CPU.Build.0 = Release|Any CPU
		{BFF4DC27-05B3-42F7-BA72-ED3FE1ABF3C9}.Debug|Any CPU.ActiveCfg = Debug|Any CPU
		{BFF4DC27-05B3-42F7-BA72-ED3FE1ABF3C9}.Debug|Any CPU.Build.0 = Debug|Any CPU
		{BFF4DC27-05B3-42F7-BA72-ED3FE1ABF3C9}.Release|Any CPU.ActiveCfg = Release|Any CPU
		{BFF4DC27-05B3-42F7-BA72-ED3FE1ABF3C9}.Release|Any CPU.Build.0 = Release|Any CPU
		{D7DCA1A3-1CDC-4176-A3E1-710AE902B3CE}.Debug|Any CPU.ActiveCfg = Debug|Any CPU
		{D7DCA1A3-1CDC-4176-A3E1-710AE902B3CE}.Debug|Any CPU.Build.0 = Debug|Any CPU
		{D7DCA1A3-1CDC-4176-A3E1-710AE902B3CE}.Release|Any CPU.ActiveCfg = Release|Any CPU
		{D7DCA1A3-1CDC-4176-A3E1-710AE902B3CE}.Release|Any CPU.Build.0 = Release|Any CPU
		{28A6EE60-BC63-4D6F-93F3-63087729AC0E}.Debug|Any CPU.ActiveCfg = Debug|Any CPU
		{28A6EE60-BC63-4D6F-93F3-63087729AC0E}.Debug|Any CPU.Build.0 = Debug|Any CPU
		{28A6EE60-BC63-4D6F-93F3-63087729AC0E}.Release|Any CPU.ActiveCfg = Release|Any CPU
		{28A6EE60-BC63-4D6F-93F3-63087729AC0E}.Release|Any CPU.Build.0 = Release|Any CPU
		{835E07BF-B906-458C-AB42-6B25FAC691E5}.Debug|Any CPU.ActiveCfg = Debug|Any CPU
		{835E07BF-B906-458C-AB42-6B25FAC691E5}.Debug|Any CPU.Build.0 = Debug|Any CPU
		{835E07BF-B906-458C-AB42-6B25FAC691E5}.Release|Any CPU.ActiveCfg = Release|Any CPU
		{835E07BF-B906-458C-AB42-6B25FAC691E5}.Release|Any CPU.Build.0 = Release|Any CPU
	EndGlobalSection
	GlobalSection(SolutionProperties) = preSolution
		HideSolutionNode = FALSE
	EndGlobalSection
	GlobalSection(ExtensibilityGlobals) = postSolution
		SolutionGuid = {39D6C17B-75F2-4273-9CB5-F6E8482E4F7C}
	EndGlobalSection
	GlobalSection(NestedProjects) = preSolution
		{06C99144-F1DD-420B-8A26-2F2FDEDD80DF} = {F9C88EF7-69AB-4D31-9085-02B29DFFD1CD}
		{6025AEEC-36F4-4E53-9352-C2B41C78CD43} = {61DDDF25-DAE3-440F-8F6F-F24C57B6A108}
		{5FDD8164-6871-4E80-BBD5-96536C5AF569} = {61DDDF25-DAE3-440F-8F6F-F24C57B6A108}
		{EC58909F-8CFC-4FDA-987A-CE60E9775EAA} = {61DDDF25-DAE3-440F-8F6F-F24C57B6A108}
		{EC63DA91-FC1D-44B8-8C88-77FAD5A8F3C2} = {6659975F-267D-4A17-9282-93DA4D1B3E1F}
		{EA1B546A-2630-412F-B16A-BA8CFAA3667A} = {F9C88EF7-69AB-4D31-9085-02B29DFFD1CD}
		{56A5B15E-FBF2-4EEF-B577-DD96BCDEF629} = {DA97A216-2053-4222-86EE-0723DC7EA5E4}
		{5D5137DD-A982-4152-8892-4843D95BDD1C} = {DA97A216-2053-4222-86EE-0723DC7EA5E4}
		{BFF4DC27-05B3-42F7-BA72-ED3FE1ABF3C9} = {DA97A216-2053-4222-86EE-0723DC7EA5E4}
		{D7DCA1A3-1CDC-4176-A3E1-710AE902B3CE} = {DA97A216-2053-4222-86EE-0723DC7EA5E4}
		{28A6EE60-BC63-4D6F-93F3-63087729AC0E} = {DA97A216-2053-4222-86EE-0723DC7EA5E4}
		{835E07BF-B906-458C-AB42-6B25FAC691E5} = {DA97A216-2053-4222-86EE-0723DC7EA5E4}
	EndGlobalSection
EndGlobal
